
Microsoft Visual Studio Solution File, Format Version 12.00
# Visual Studio Version 17
VisualStudioVersion = 17.13.35825.156 d17.13
MinimumVisualStudioVersion = 10.0.40219.1
Project("{FAE04EC0-301F-11D3-BF4B-00C04F79EFBC}") = "Sender.Fruits", "Sender.Fruits\Sender.Fruits.csproj", "{23BF4196-929A-4BC2-96BC-D1269818FA59}"
EndProject
Project("{FAE04EC0-301F-11D3-BF4B-00C04F79EFBC}") = "Sender.Users", "Sender.Users\Sender.Users.csproj", "{CD4362C1-88A3-4C6A-8C2F-3573ED84555B}"
EndProject
Project("{FAE04EC0-301F-11D3-BF4B-00C04F79EFBC}") = "Receiver.Fruits", "Receiver.Fruits\Receiver.Fruits.csproj", "{76CF1871-B233-4B8F-A152-9D467F935CAF}"
EndProject
Project("{FAE04EC0-301F-11D3-BF4B-00C04F79EFBC}") = "Receiver.Users", "Receiver.Users\Receiver.Users.csproj", "{B418C7C9-8FDA-42A8-B563-D412806759A9}"
EndProject
Project("{FAE04EC0-301F-11D3-BF4B-00C04F79EFBC}") = "Validation.Service", "Validation.Service\Validation.Service.csproj", "{61664856-B395-473C-AFA3-57AF12EAEAC1}"
EndProject
Global
	GlobalSection(SolutionConfigurationPlatforms) = preSolution
		Debug|Any CPU = Debug|Any CPU
		Release|Any CPU = Release|Any CPU
	EndGlobalSection
	GlobalSection(ProjectConfigurationPlatforms) = postSolution
		{23BF4196-929A-4BC2-96BC-D1269818FA59}.Debug|Any CPU.ActiveCfg = Debug|Any CPU
		{23BF4196-929A-4BC2-96BC-D1269818FA59}.Debug|Any CPU.Build.0 = Debug|Any CPU
		{23BF4196-929A-4BC2-96BC-D1269818FA59}.Release|Any CPU.ActiveCfg = Release|Any CPU
		{23BF4196-929A-4BC2-96BC-D1269818FA59}.Release|Any CPU.Build.0 = Release|Any CPU
		{CD4362C1-88A3-4C6A-8C2F-3573ED84555B}.Debug|Any CPU.ActiveCfg = Debug|Any CPU
		{CD4362C1-88A3-4C6A-8C2F-3573ED84555B}.Debug|Any CPU.Build.0 = Debug|Any CPU
		{CD4362C1-88A3-4C6A-8C2F-3573ED84555B}.Release|Any CPU.ActiveCfg = Release|Any CPU
		{CD4362C1-88A3-4C6A-8C2F-3573ED84555B}.Release|Any CPU.Build.0 = Release|Any CPU
		{76CF1871-B233-4B8F-A152-9D467F935CAF}.Debug|Any CPU.ActiveCfg = Debug|Any CPU
		{76CF1871-B233-4B8F-A152-9D467F935CAF}.Debug|Any CPU.Build.0 = Debug|Any CPU
		{76CF1871-B233-4B8F-A152-9D467F935CAF}.Release|Any CPU.ActiveCfg = Release|Any CPU
		{76CF1871-B233-4B8F-A152-9D467F935CAF}.Release|Any CPU.Build.0 = Release|Any CPU
		{B418C7C9-8FDA-42A8-B563-D412806759A9}.Debug|Any CPU.ActiveCfg = Debug|Any CPU
		{B418C7C9-8FDA-42A8-B563-D412806759A9}.Debug|Any CPU.Build.0 = Debug|Any CPU
		{B418C7C9-8FDA-42A8-B563-D412806759A9}.Release|Any CPU.ActiveCfg = Release|Any CPU
		{B418C7C9-8FDA-42A8-B563-D412806759A9}.Release|Any CPU.Build.0 = Release|Any CPU
		{61664856-B395-473C-AFA3-57AF12EAEAC1}.Debug|Any CPU.ActiveCfg = Debug|Any CPU
		{61664856-B395-473C-AFA3-57AF12EAEAC1}.Debug|Any CPU.Build.0 = Debug|Any CPU
		{61664856-B395-473C-AFA3-57AF12EAEAC1}.Release|Any CPU.ActiveCfg = Release|Any CPU
		{61664856-B395-473C-AFA3-57AF12EAEAC1}.Release|Any CPU.Build.0 = Release|Any CPU
	EndGlobalSection
	GlobalSection(SolutionProperties) = preSolution
		HideSolutionNode = FALSE
	EndGlobalSection
	GlobalSection(ExtensibilityGlobals) = postSolution
		SolutionGuid = {733F6C85-5B83-4016-AEDA-FDD93EEFC777}
	EndGlobalSection
EndGlobal
